
Microsoft Visual Studio Solution File, Format Version 12.00
# Visual Studio 14
VisualStudioVersion = 14.0.23107.0
MinimumVisualStudioVersion = 10.0.40219.1
Project("{2150E333-8FDC-42A3-9474-1A3956D46DE8}") = "src", "src", "{04615310-19E7-45CD-B661-9189B7699A9E}"
EndProject
Project("{2150E333-8FDC-42A3-9474-1A3956D46DE8}") = "Solution Items", "Solution Items", "{698F339F-C0DD-4383-AFB3-34C8268975D8}"
	ProjectSection(SolutionItems) = preProject
		global.json = global.json
	EndProjectSection
EndProject
Project("{8BB2217D-0F2D-49D1-97BC-3654ED321F3B}") = "Assignment_8_v2", "src\Assignment_8_v2\Assignment_8_v2.xproj", "{9B22E8AA-CEFD-4FFE-B800-702A5E5C631A}"
EndProject
Project("{8BB2217D-0F2D-49D1-97BC-3654ED321F3B}") = "Workers", "src\Workers\Workers.xproj", "{CC05EFB9-0330-4EA1-9731-0200947D38D8}"
EndProject
Project("{8BB2217D-0F2D-49D1-97BC-3654ED321F3B}") = "Common", "src\Common\Common.xproj", "{E7FC6A92-842A-44DA-9CD6-B5FA6EB4F2EB}"
EndProject
Global
	GlobalSection(SolutionConfigurationPlatforms) = preSolution
		Debug|Any CPU = Debug|Any CPU
		Release|Any CPU = Release|Any CPU
	EndGlobalSection
	GlobalSection(ProjectConfigurationPlatforms) = postSolution
		{9B22E8AA-CEFD-4FFE-B800-702A5E5C631A}.Debug|Any CPU.ActiveCfg = Debug|Any CPU
		{9B22E8AA-CEFD-4FFE-B800-702A5E5C631A}.Debug|Any CPU.Build.0 = Debug|Any CPU
		{9B22E8AA-CEFD-4FFE-B800-702A5E5C631A}.Release|Any CPU.ActiveCfg = Release|Any CPU
		{9B22E8AA-CEFD-4FFE-B800-702A5E5C631A}.Release|Any CPU.Build.0 = Release|Any CPU
		{CC05EFB9-0330-4EA1-9731-0200947D38D8}.Debug|Any CPU.ActiveCfg = Debug|Any CPU
		{CC05EFB9-0330-4EA1-9731-0200947D38D8}.Debug|Any CPU.Build.0 = Debug|Any CPU
		{CC05EFB9-0330-4EA1-9731-0200947D38D8}.Release|Any CPU.ActiveCfg = Release|Any CPU
		{CC05EFB9-0330-4EA1-9731-0200947D38D8}.Release|Any CPU.Build.0 = Release|Any CPU
		{E7FC6A92-842A-44DA-9CD6-B5FA6EB4F2EB}.Debug|Any CPU.ActiveCfg = Debug|Any CPU
		{E7FC6A92-842A-44DA-9CD6-B5FA6EB4F2EB}.Debug|Any CPU.Build.0 = Debug|Any CPU
		{E7FC6A92-842A-44DA-9CD6-B5FA6EB4F2EB}.Release|Any CPU.ActiveCfg = Release|Any CPU
		{E7FC6A92-842A-44DA-9CD6-B5FA6EB4F2EB}.Release|Any CPU.Build.0 = Release|Any CPU
	EndGlobalSection
	GlobalSection(SolutionProperties) = preSolution
		HideSolutionNode = FALSE
	EndGlobalSection
	GlobalSection(NestedProjects) = preSolution
		{9B22E8AA-CEFD-4FFE-B800-702A5E5C631A} = {04615310-19E7-45CD-B661-9189B7699A9E}
		{CC05EFB9-0330-4EA1-9731-0200947D38D8} = {04615310-19E7-45CD-B661-9189B7699A9E}
		{E7FC6A92-842A-44DA-9CD6-B5FA6EB4F2EB} = {04615310-19E7-45CD-B661-9189B7699A9E}
	EndGlobalSection
EndGlobal
